
Microsoft Visual Studio Solution File, Format Version 12.00
# Visual Studio 15
VisualStudioVersion = 15.0.27703.2035
MinimumVisualStudioVersion = 10.0.40219.1
Project("{9A19103F-16F7-4668-BE54-9A1E7A4F7556}") = "ConferenceApi", "ConferenceApi\ConferenceApi.csproj", "{40AA0388-3135-4641-89E2-6FD7974127E3}"
EndProject
Project("{FAE04EC0-301F-11D3-BF4B-00C04F79EFBC}") = "ConferenceApi.Domain", "ConferenceApi.Domain\ConferenceApi.Domain.csproj", "{B032BD1D-6EF4-441F-995A-FFA700485DBC}"
EndProject
Global
	GlobalSection(SolutionConfigurationPlatforms) = preSolution
		Debug|Any CPU = Debug|Any CPU
		Release|Any CPU = Release|Any CPU
	EndGlobalSection
	GlobalSection(ProjectConfigurationPlatforms) = postSolution
		{40AA0388-3135-4641-89E2-6FD7974127E3}.Debug|Any CPU.ActiveCfg = Debug|Any CPU
		{40AA0388-3135-4641-89E2-6FD7974127E3}.Debug|Any CPU.Build.0 = Debug|Any CPU
		{40AA0388-3135-4641-89E2-6FD7974127E3}.Release|Any CPU.ActiveCfg = Release|Any CPU
		{40AA0388-3135-4641-89E2-6FD7974127E3}.Release|Any CPU.Build.0 = Release|Any CPU
		{B032BD1D-6EF4-441F-995A-FFA700485DBC}.Debug|Any CPU.ActiveCfg = Debug|Any CPU
		{B032BD1D-6EF4-441F-995A-FFA700485DBC}.Debug|Any CPU.Build.0 = Debug|Any CPU
		{B032BD1D-6EF4-441F-995A-FFA700485DBC}.Release|Any CPU.ActiveCfg = Release|Any CPU
		{B032BD1D-6EF4-441F-995A-FFA700485DBC}.Release|Any CPU.Build.0 = Release|Any CPU
	EndGlobalSection
	GlobalSection(SolutionProperties) = preSolution
		HideSolutionNode = FALSE
	EndGlobalSection
	GlobalSection(ExtensibilityGlobals) = postSolution
		SolutionGuid = {BDD1BCA2-8EC2-4D3A-85F8-7CD1015989AF}
	EndGlobalSection
EndGlobal
